
Microsoft Visual Studio Solution File, Format Version 12.00
# Visual Studio Version 16
VisualStudioVersion = 16.0.30320.27
MinimumVisualStudioVersion = 10.0.40219.1
Project("{9A19103F-16F7-4668-BE54-9A1E7A4F7556}") = "TareaIglesia", "TareaIglesia.csproj", "{A6A6E04C-080C-47AC-9C2E-9057A854A168}"
EndProject
Project("{9A19103F-16F7-4668-BE54-9A1E7A4F7556}") = "TareaIglesiaa", "..\..\TareaIglesia\TareaIglesiaa.csproj", "{925557CE-4FCE-4873-B2D3-5E400E86E5B2}"
EndProject
Global
	GlobalSection(SolutionConfigurationPlatforms) = preSolution
		Debug|Any CPU = Debug|Any CPU
		Release|Any CPU = Release|Any CPU
	EndGlobalSection
	GlobalSection(ProjectConfigurationPlatforms) = postSolution
		{A6A6E04C-080C-47AC-9C2E-9057A854A168}.Debug|Any CPU.ActiveCfg = Debug|Any CPU
		{A6A6E04C-080C-47AC-9C2E-9057A854A168}.Debug|Any CPU.Build.0 = Debug|Any CPU
		{A6A6E04C-080C-47AC-9C2E-9057A854A168}.Release|Any CPU.ActiveCfg = Release|Any CPU
		{A6A6E04C-080C-47AC-9C2E-9057A854A168}.Release|Any CPU.Build.0 = Release|Any CPU
		{925557CE-4FCE-4873-B2D3-5E400E86E5B2}.Debug|Any CPU.ActiveCfg = Debug|Any CPU
		{925557CE-4FCE-4873-B2D3-5E400E86E5B2}.Debug|Any CPU.Build.0 = Debug|Any CPU
		{925557CE-4FCE-4873-B2D3-5E400E86E5B2}.Release|Any CPU.ActiveCfg = Release|Any CPU
		{925557CE-4FCE-4873-B2D3-5E400E86E5B2}.Release|Any CPU.Build.0 = Release|Any CPU
	EndGlobalSection
	GlobalSection(SolutionProperties) = preSolution
		HideSolutionNode = FALSE
	EndGlobalSection
	GlobalSection(ExtensibilityGlobals) = postSolution
		SolutionGuid = {179BE2F7-0671-495A-A372-8CDE4769A4DB}
	EndGlobalSection
EndGlobal
